
Microsoft Visual Studio Solution File, Format Version 12.00
# Visual Studio 14
VisualStudioVersion = 14.0.25123.0
MinimumVisualStudioVersion = 10.0.40219.1
Project("{FAE04EC0-301F-11D3-BF4B-00C04F79EFBC}") = "WhenToDig98.Droid", "WhenToDig98\WhenToDig98.Droid\WhenToDig98.Droid.csproj", "{CA1A27E1-CC73-4E41-B12F-7798BA295CA2}"
EndProject
Project("{FAE04EC0-301F-11D3-BF4B-00C04F79EFBC}") = "WhenToDig98.iOS", "WhenToDig98\WhenToDig98.iOS\WhenToDig98.iOS.csproj", "{6867497D-0BFA-46FD-91B8-CA9FC4F450D5}"
EndProject
Project("{FAE04EC0-301F-11D3-BF4B-00C04F79EFBC}") = "WhenToDig98.WinPhone", "WhenToDig98\WhenToDig98.WinPhone\WhenToDig98.WinPhone.csproj", "{6536C7EA-8B96-4F25-9B78-7B0A3BB67CCA}"
EndProject
Project("{FAE04EC0-301F-11D3-BF4B-00C04F79EFBC}") = "WhenToDig98.UWP", "WhenToDig98\WhenToDig98.UWP\WhenToDig98.UWP.csproj", "{90582CEE-82C3-47B6-B99F-9E6E60FB37EA}"
EndProject
Project("{FAE04EC0-301F-11D3-BF4B-00C04F79EFBC}") = "WhenToDig98.Windows", "WhenToDig98\WhenToDig98.Windows\WhenToDig98.Windows.csproj", "{52B5D757-7C2F-4F8B-A150-11156005AE79}"
EndProject
Project("{FAE04EC0-301F-11D3-BF4B-00C04F79EFBC}") = "WhenToDig98", "WhenToDig98\WhenToDig98\WhenToDig98.csproj", "{578E32D5-BD9C-4EC8-9223-37FF85734B58}"
EndProject
Global
	GlobalSection(SolutionConfigurationPlatforms) = preSolution
		Ad-Hoc|Any CPU = Ad-Hoc|Any CPU
		Ad-Hoc|ARM = Ad-Hoc|ARM
		Ad-Hoc|iPhone = Ad-Hoc|iPhone
		Ad-Hoc|iPhoneSimulator = Ad-Hoc|iPhoneSimulator
		Ad-Hoc|x64 = Ad-Hoc|x64
		Ad-Hoc|x86 = Ad-Hoc|x86
		AppStore|Any CPU = AppStore|Any CPU
		AppStore|ARM = AppStore|ARM
		AppStore|iPhone = AppStore|iPhone
		AppStore|iPhoneSimulator = AppStore|iPhoneSimulator
		AppStore|x64 = AppStore|x64
		AppStore|x86 = AppStore|x86
		Debug|Any CPU = Debug|Any CPU
		Debug|ARM = Debug|ARM
		Debug|iPhone = Debug|iPhone
		Debug|iPhoneSimulator = Debug|iPhoneSimulator
		Debug|x64 = Debug|x64
		Debug|x86 = Debug|x86
		Release|Any CPU = Release|Any CPU
		Release|ARM = Release|ARM
		Release|iPhone = Release|iPhone
		Release|iPhoneSimulator = Release|iPhoneSimulator
		Release|x64 = Release|x64
		Release|x86 = Release|x86
	EndGlobalSection
	GlobalSection(ProjectConfigurationPlatforms) = postSolution
		{CA1A27E1-CC73-4E41-B12F-7798BA295CA2}.Ad-Hoc|Any CPU.ActiveCfg = Release|Any CPU
		{CA1A27E1-CC73-4E41-B12F-7798BA295CA2}.Ad-Hoc|Any CPU.Build.0 = Release|Any CPU
		{CA1A27E1-CC73-4E41-B12F-7798BA295CA2}.Ad-Hoc|Any CPU.Deploy.0 = Release|Any CPU
		{CA1A27E1-CC73-4E41-B12F-7798BA295CA2}.Ad-Hoc|ARM.ActiveCfg = Release|Any CPU
		{CA1A27E1-CC73-4E41-B12F-7798BA295CA2}.Ad-Hoc|ARM.Build.0 = Release|Any CPU
		{CA1A27E1-CC73-4E41-B12F-7798BA295CA2}.Ad-Hoc|ARM.Deploy.0 = Release|Any CPU
		{CA1A27E1-CC73-4E41-B12F-7798BA295CA2}.Ad-Hoc|iPhone.ActiveCfg = Release|Any CPU
		{CA1A27E1-CC73-4E41-B12F-7798BA295CA2}.Ad-Hoc|iPhone.Build.0 = Release|Any CPU
		{CA1A27E1-CC73-4E41-B12F-7798BA295CA2}.Ad-Hoc|iPhone.Deploy.0 = Release|Any CPU
		{CA1A27E1-CC73-4E41-B12F-7798BA295CA2}.Ad-Hoc|iPhoneSimulator.ActiveCfg = Release|Any CPU
		{CA1A27E1-CC73-4E41-B12F-7798BA295CA2}.Ad-Hoc|iPhoneSimulator.Build.0 = Release|Any CPU
		{CA1A27E1-CC73-4E41-B12F-7798BA295CA2}.Ad-Hoc|iPhoneSimulator.Deploy.0 = Release|Any CPU
		{CA1A27E1-CC73-4E41-B12F-7798BA295CA2}.Ad-Hoc|x64.ActiveCfg = Release|Any CPU
		{CA1A27E1-CC73-4E41-B12F-7798BA295CA2}.Ad-Hoc|x64.Build.0 = Release|Any CPU
		{CA1A27E1-CC73-4E41-B12F-7798BA295CA2}.Ad-Hoc|x64.Deploy.0 = Release|Any CPU
		{CA1A27E1-CC73-4E41-B12F-7798BA295CA2}.Ad-Hoc|x86.ActiveCfg = Release|Any CPU
		{CA1A27E1-CC73-4E41-B12F-7798BA295CA2}.Ad-Hoc|x86.Build.0 = Release|Any CPU
		{CA1A27E1-CC73-4E41-B12F-7798BA295CA2}.Ad-Hoc|x86.Deploy.0 = Release|Any CPU
		{CA1A27E1-CC73-4E41-B12F-7798BA295CA2}.AppStore|Any CPU.ActiveCfg = Release|Any CPU
		{CA1A27E1-CC73-4E41-B12F-7798BA295CA2}.AppStore|Any CPU.Build.0 = Release|Any CPU
		{CA1A27E1-CC73-4E41-B12F-7798BA295CA2}.AppStore|Any CPU.Deploy.0 = Release|Any CPU
		{CA1A27E1-CC73-4E41-B12F-7798BA295CA2}.AppStore|ARM.ActiveCfg = Release|Any CPU
		{CA1A27E1-CC73-4E41-B12F-7798BA295CA2}.AppStore|ARM.Build.0 = Release|Any CPU
		{CA1A27E1-CC73-4E41-B12F-7798BA295CA2}.AppStore|ARM.Deploy.0 = Release|Any CPU
		{CA1A27E1-CC73-4E41-B12F-7798BA295CA2}.AppStore|iPhone.ActiveCfg = Release|Any CPU
		{CA1A27E1-CC73-4E41-B12F-7798BA295CA2}.AppStore|iPhone.Build.0 = Release|Any CPU
		{CA1A27E1-CC73-4E41-B12F-7798BA295CA2}.AppStore|iPhone.Deploy.0 = Release|Any CPU
		{CA1A27E1-CC73-4E41-B12F-7798BA295CA2}.AppStore|iPhoneSimulator.ActiveCfg = Release|Any CPU
		{CA1A27E1-CC73-4E41-B12F-7798BA295CA2}.AppStore|iPhoneSimulator.Build.0 = Release|Any CPU
		{CA1A27E1-CC73-4E41-B12F-7798BA295CA2}.AppStore|iPhoneSimulator.Deploy.0 = Release|Any CPU
		{CA1A27E1-CC73-4E41-B12F-7798BA295CA2}.AppStore|x64.ActiveCfg = Release|Any CPU
		{CA1A27E1-CC73-4E41-B12F-7798BA295CA2}.AppStore|x64.Build.0 = Release|Any CPU
		{CA1A27E1-CC73-4E41-B12F-7798BA295CA2}.AppStore|x64.Deploy.0 = Release|Any CPU
		{CA1A27E1-CC73-4E41-B12F-7798BA295CA2}.AppStore|x86.ActiveCfg = Release|Any CPU
		{CA1A27E1-CC73-4E41-B12F-7798BA295CA2}.AppStore|x86.Build.0 = Release|Any CPU
		{CA1A27E1-CC73-4E41-B12F-7798BA295CA2}.AppStore|x86.Deploy.0 = Release|Any CPU
		{CA1A27E1-CC73-4E41-B12F-7798BA295CA2}.Debug|Any CPU.ActiveCfg = Debug|Any CPU
		{CA1A27E1-CC73-4E41-B12F-7798BA295CA2}.Debug|Any CPU.Build.0 = Debug|Any CPU
		{CA1A27E1-CC73-4E41-B12F-7798BA295CA2}.Debug|Any CPU.Deploy.0 = Debug|Any CPU
		{CA1A27E1-CC73-4E41-B12F-7798BA295CA2}.Debug|ARM.ActiveCfg = Debug|Any CPU
		{CA1A27E1-CC73-4E41-B12F-7798BA295CA2}.Debug|ARM.Build.0 = Debug|Any CPU
		{CA1A27E1-CC73-4E41-B12F-7798BA295CA2}.Debug|ARM.Deploy.0 = Debug|Any CPU
		{CA1A27E1-CC73-4E41-B12F-7798BA295CA2}.Debug|iPhone.ActiveCfg = Debug|Any CPU
		{CA1A27E1-CC73-4E41-B12F-7798BA295CA2}.Debug|iPhone.Build.0 = Debug|Any CPU
		{CA1A27E1-CC73-4E41-B12F-7798BA295CA2}.Debug|iPhone.Deploy.0 = Debug|Any CPU
		{CA1A27E1-CC73-4E41-B12F-7798BA295CA2}.Debug|iPhoneSimulator.ActiveCfg = Debug|Any CPU
		{CA1A27E1-CC73-4E41-B12F-7798BA295CA2}.Debug|iPhoneSimulator.Build.0 = Debug|Any CPU
		{CA1A27E1-CC73-4E41-B12F-7798BA295CA2}.Debug|iPhoneSimulator.Deploy.0 = Debug|Any CPU
		{CA1A27E1-CC73-4E41-B12F-7798BA295CA2}.Debug|x64.ActiveCfg = Debug|Any CPU
		{CA1A27E1-CC73-4E41-B12F-7798BA295CA2}.Debug|x64.Build.0 = Debug|Any CPU
		{CA1A27E1-CC73-4E41-B12F-7798BA295CA2}.Debug|x64.Deploy.0 = Debug|Any CPU
		{CA1A27E1-CC73-4E41-B12F-7798BA295CA2}.Debug|x86.ActiveCfg = Debug|Any CPU
		{CA1A27E1-CC73-4E41-B12F-7798BA295CA2}.Debug|x86.Build.0 = Debug|Any CPU
		{CA1A27E1-CC73-4E41-B12F-7798BA295CA2}.Debug|x86.Deploy.0 = Debug|Any CPU
		{CA1A27E1-CC73-4E41-B12F-7798BA295CA2}.Release|Any CPU.ActiveCfg = Release|Any CPU
		{CA1A27E1-CC73-4E41-B12F-7798BA295CA2}.Release|Any CPU.Build.0 = Release|Any CPU
		{CA1A27E1-CC73-4E41-B12F-7798BA295CA2}.Release|Any CPU.Deploy.0 = Release|Any CPU
		{CA1A27E1-CC73-4E41-B12F-7798BA295CA2}.Release|ARM.ActiveCfg = Release|Any CPU
		{CA1A27E1-CC73-4E41-B12F-7798BA295CA2}.Release|ARM.Build.0 = Release|Any CPU
		{CA1A27E1-CC73-4E41-B12F-7798BA295CA2}.Release|ARM.Deploy.0 = Release|Any CPU
		{CA1A27E1-CC73-4E41-B12F-7798BA295CA2}.Release|iPhone.ActiveCfg = Release|Any CPU
		{CA1A27E1-CC73-4E41-B12F-7798BA295CA2}.Release|iPhone.Build.0 = Release|Any CPU
		{CA1A27E1-CC73-4E41-B12F-7798BA295CA2}.Release|iPhone.Deploy.0 = Release|Any CPU
		{CA1A27E1-CC73-4E41-B12F-7798BA295CA2}.Release|iPhoneSimulator.ActiveCfg = Release|Any CPU
		{CA1A27E1-CC73-4E41-B12F-7798BA295CA2}.Release|iPhoneSimulator.Build.0 = Release|Any CPU
		{CA1A27E1-CC73-4E41-B12F-7798BA295CA2}.Release|iPhoneSimulator.Deploy.0 = Release|Any CPU
		{CA1A27E1-CC73-4E41-B12F-7798BA295CA2}.Release|x64.ActiveCfg = Release|Any CPU
		{CA1A27E1-CC73-4E41-B12F-7798BA295CA2}.Release|x64.Build.0 = Release|Any CPU
		{CA1A27E1-CC73-4E41-B12F-7798BA295CA2}.Release|x64.Deploy.0 = Release|Any CPU
		{CA1A27E1-CC73-4E41-B12F-7798BA295CA2}.Release|x86.ActiveCfg = Release|Any CPU
		{CA1A27E1-CC73-4E41-B12F-7798BA295CA2}.Release|x86.Build.0 = Release|Any CPU
		{CA1A27E1-CC73-4E41-B12F-7798BA295CA2}.Release|x86.Deploy.0 = Release|Any CPU
		{6867497D-0BFA-46FD-91B8-CA9FC4F450D5}.Ad-Hoc|Any CPU.ActiveCfg = Ad-Hoc|iPhone
		{6867497D-0BFA-46FD-91B8-CA9FC4F450D5}.Ad-Hoc|ARM.ActiveCfg = Ad-Hoc|iPhone
		{6867497D-0BFA-46FD-91B8-CA9FC4F450D5}.Ad-Hoc|iPhone.ActiveCfg = Ad-Hoc|iPhone
		{6867497D-0BFA-46FD-91B8-CA9FC4F450D5}.Ad-Hoc|iPhone.Build.0 = Ad-Hoc|iPhone
		{6867497D-0BFA-46FD-91B8-CA9FC4F450D5}.Ad-Hoc|iPhoneSimulator.ActiveCfg = Ad-Hoc|iPhoneSimulator
		{6867497D-0BFA-46FD-91B8-CA9FC4F450D5}.Ad-Hoc|iPhoneSimulator.Build.0 = Ad-Hoc|iPhoneSimulator
		{6867497D-0BFA-46FD-91B8-CA9FC4F450D5}.Ad-Hoc|x64.ActiveCfg = Ad-Hoc|iPhone
		{6867497D-0BFA-46FD-91B8-CA9FC4F450D5}.Ad-Hoc|x86.ActiveCfg = Ad-Hoc|iPhone
		{6867497D-0BFA-46FD-91B8-CA9FC4F450D5}.AppStore|Any CPU.ActiveCfg = AppStore|iPhone
		{6867497D-0BFA-46FD-91B8-CA9FC4F450D5}.AppStore|ARM.ActiveCfg = AppStore|iPhone
		{6867497D-0BFA-46FD-91B8-CA9FC4F450D5}.AppStore|iPhone.ActiveCfg = AppStore|iPhone
		{6867497D-0BFA-46FD-91B8-CA9FC4F450D5}.AppStore|iPhone.Build.0 = AppStore|iPhone
		{6867497D-0BFA-46FD-91B8-CA9FC4F450D5}.AppStore|iPhoneSimulator.ActiveCfg = AppStore|iPhoneSimulator
		{6867497D-0BFA-46FD-91B8-CA9FC4F450D5}.AppStore|iPhoneSimulator.Build.0 = AppStore|iPhoneSimulator
		{6867497D-0BFA-46FD-91B8-CA9FC4F450D5}.AppStore|x64.ActiveCfg = AppStore|iPhone
		{6867497D-0BFA-46FD-91B8-CA9FC4F450D5}.AppStore|x86.ActiveCfg = AppStore|iPhone
		{6867497D-0BFA-46FD-91B8-CA9FC4F450D5}.Debug|Any CPU.ActiveCfg = Debug|iPhone
		{6867497D-0BFA-46FD-91B8-CA9FC4F450D5}.Debug|ARM.ActiveCfg = Debug|iPhone
		{6867497D-0BFA-46FD-91B8-CA9FC4F450D5}.Debug|iPhone.ActiveCfg = Debug|iPhone
		{6867497D-0BFA-46FD-91B8-CA9FC4F450D5}.Debug|iPhone.Build.0 = Debug|iPhone
		{6867497D-0BFA-46FD-91B8-CA9FC4F450D5}.Debug|iPhoneSimulator.ActiveCfg = Debug|iPhoneSimulator
		{6867497D-0BFA-46FD-91B8-CA9FC4F450D5}.Debug|iPhoneSimulator.Build.0 = Debug|iPhoneSimulator
		{6867497D-0BFA-46FD-91B8-CA9FC4F450D5}.Debug|x64.ActiveCfg = Debug|iPhone
		{6867497D-0BFA-46FD-91B8-CA9FC4F450D5}.Debug|x86.ActiveCfg = Debug|iPhone
		{6867497D-0BFA-46FD-91B8-CA9FC4F450D5}.Release|Any CPU.ActiveCfg = Release|iPhone
		{6867497D-0BFA-46FD-91B8-CA9FC4F450D5}.Release|ARM.ActiveCfg = Release|iPhone
		{6867497D-0BFA-46FD-91B8-CA9FC4F450D5}.Release|iPhone.ActiveCfg = Release|iPhone
		{6867497D-0BFA-46FD-91B8-CA9FC4F450D5}.Release|iPhone.Build.0 = Release|iPhone
		{6867497D-0BFA-46FD-91B8-CA9FC4F450D5}.Release|iPhoneSimulator.ActiveCfg = Release|iPhoneSimulator
		{6867497D-0BFA-46FD-91B8-CA9FC4F450D5}.Release|iPhoneSimulator.Build.0 = Release|iPhoneSimulator
		{6867497D-0BFA-46FD-91B8-CA9FC4F450D5}.Release|x64.ActiveCfg = Release|iPhone
		{6867497D-0BFA-46FD-91B8-CA9FC4F450D5}.Release|x86.ActiveCfg = Release|iPhone
		{6536C7EA-8B96-4F25-9B78-7B0A3BB67CCA}.Ad-Hoc|Any CPU.ActiveCfg = Release|Any CPU
		{6536C7EA-8B96-4F25-9B78-7B0A3BB67CCA}.Ad-Hoc|Any CPU.Build.0 = Release|Any CPU
		{6536C7EA-8B96-4F25-9B78-7B0A3BB67CCA}.Ad-Hoc|Any CPU.Deploy.0 = Release|Any CPU
		{6536C7EA-8B96-4F25-9B78-7B0A3BB67CCA}.Ad-Hoc|ARM.ActiveCfg = Release|ARM
		{6536C7EA-8B96-4F25-9B78-7B0A3BB67CCA}.Ad-Hoc|ARM.Build.0 = Release|ARM
		{6536C7EA-8B96-4F25-9B78-7B0A3BB67CCA}.Ad-Hoc|ARM.Deploy.0 = Release|ARM
		{6536C7EA-8B96-4F25-9B78-7B0A3BB67CCA}.Ad-Hoc|iPhone.ActiveCfg = Release|Any CPU
		{6536C7EA-8B96-4F25-9B78-7B0A3BB67CCA}.Ad-Hoc|iPhone.Build.0 = Release|Any CPU
		{6536C7EA-8B96-4F25-9B78-7B0A3BB67CCA}.Ad-Hoc|iPhone.Deploy.0 = Release|Any CPU
		{6536C7EA-8B96-4F25-9B78-7B0A3BB67CCA}.Ad-Hoc|iPhoneSimulator.ActiveCfg = Release|Any CPU
		{6536C7EA-8B96-4F25-9B78-7B0A3BB67CCA}.Ad-Hoc|iPhoneSimulator.Build.0 = Release|Any CPU
		{6536C7EA-8B96-4F25-9B78-7B0A3BB67CCA}.Ad-Hoc|iPhoneSimulator.Deploy.0 = Release|Any CPU
		{6536C7EA-8B96-4F25-9B78-7B0A3BB67CCA}.Ad-Hoc|x64.ActiveCfg = Release|Any CPU
		{6536C7EA-8B96-4F25-9B78-7B0A3BB67CCA}.Ad-Hoc|x64.Build.0 = Release|Any CPU
		{6536C7EA-8B96-4F25-9B78-7B0A3BB67CCA}.Ad-Hoc|x64.Deploy.0 = Release|Any CPU
		{6536C7EA-8B96-4F25-9B78-7B0A3BB67CCA}.Ad-Hoc|x86.ActiveCfg = Release|x86
		{6536C7EA-8B96-4F25-9B78-7B0A3BB67CCA}.Ad-Hoc|x86.Build.0 = Release|x86
		{6536C7EA-8B96-4F25-9B78-7B0A3BB67CCA}.Ad-Hoc|x86.Deploy.0 = Release|x86
		{6536C7EA-8B96-4F25-9B78-7B0A3BB67CCA}.AppStore|Any CPU.ActiveCfg = Release|Any CPU
		{6536C7EA-8B96-4F25-9B78-7B0A3BB67CCA}.AppStore|Any CPU.Build.0 = Release|Any CPU
		{6536C7EA-8B96-4F25-9B78-7B0A3BB67CCA}.AppStore|Any CPU.Deploy.0 = Release|Any CPU
		{6536C7EA-8B96-4F25-9B78-7B0A3BB67CCA}.AppStore|ARM.ActiveCfg = Release|ARM
		{6536C7EA-8B96-4F25-9B78-7B0A3BB67CCA}.AppStore|ARM.Build.0 = Release|ARM
		{6536C7EA-8B96-4F25-9B78-7B0A3BB67CCA}.AppStore|ARM.Deploy.0 = Release|ARM
		{6536C7EA-8B96-4F25-9B78-7B0A3BB67CCA}.AppStore|iPhone.ActiveCfg = Release|Any CPU
		{6536C7EA-8B96-4F25-9B78-7B0A3BB67CCA}.AppStore|iPhone.Build.0 = Release|Any CPU
		{6536C7EA-8B96-4F25-9B78-7B0A3BB67CCA}.AppStore|iPhone.Deploy.0 = Release|Any CPU
		{6536C7EA-8B96-4F25-9B78-7B0A3BB67CCA}.AppStore|iPhoneSimulator.ActiveCfg = Release|Any CPU
		{6536C7EA-8B96-4F25-9B78-7B0A3BB67CCA}.AppStore|iPhoneSimulator.Build.0 = Release|Any CPU
		{6536C7EA-8B96-4F25-9B78-7B0A3BB67CCA}.AppStore|iPhoneSimulator.Deploy.0 = Release|Any CPU
		{6536C7EA-8B96-4F25-9B78-7B0A3BB67CCA}.AppStore|x64.ActiveCfg = Release|Any CPU
		{6536C7EA-8B96-4F25-9B78-7B0A3BB67CCA}.AppStore|x64.Build.0 = Release|Any CPU
		{6536C7EA-8B96-4F25-9B78-7B0A3BB67CCA}.AppStore|x64.Deploy.0 = Release|Any CPU
		{6536C7EA-8B96-4F25-9B78-7B0A3BB67CCA}.AppStore|x86.ActiveCfg = Release|x86
		{6536C7EA-8B96-4F25-9B78-7B0A3BB67CCA}.AppStore|x86.Build.0 = Release|x86
		{6536C7EA-8B96-4F25-9B78-7B0A3BB67CCA}.AppStore|x86.Deploy.0 = Release|x86
		{6536C7EA-8B96-4F25-9B78-7B0A3BB67CCA}.Debug|Any CPU.ActiveCfg = Debug|Any CPU
		{6536C7EA-8B96-4F25-9B78-7B0A3BB67CCA}.Debug|Any CPU.Build.0 = Debug|Any CPU
		{6536C7EA-8B96-4F25-9B78-7B0A3BB67CCA}.Debug|Any CPU.Deploy.0 = Debug|Any CPU
		{6536C7EA-8B96-4F25-9B78-7B0A3BB67CCA}.Debug|ARM.ActiveCfg = Debug|ARM
		{6536C7EA-8B96-4F25-9B78-7B0A3BB67CCA}.Debug|ARM.Build.0 = Debug|ARM
		{6536C7EA-8B96-4F25-9B78-7B0A3BB67CCA}.Debug|ARM.Deploy.0 = Debug|ARM
		{6536C7EA-8B96-4F25-9B78-7B0A3BB67CCA}.Debug|iPhone.ActiveCfg = Debug|Any CPU
		{6536C7EA-8B96-4F25-9B78-7B0A3BB67CCA}.Debug|iPhone.Build.0 = Debug|Any CPU
		{6536C7EA-8B96-4F25-9B78-7B0A3BB67CCA}.Debug|iPhone.Deploy.0 = Debug|Any CPU
		{6536C7EA-8B96-4F25-9B78-7B0A3BB67CCA}.Debug|iPhoneSimulator.ActiveCfg = Debug|Any CPU
		{6536C7EA-8B96-4F25-9B78-7B0A3BB67CCA}.Debug|iPhoneSimulator.Build.0 = Debug|Any CPU
		{6536C7EA-8B96-4F25-9B78-7B0A3BB67CCA}.Debug|iPhoneSimulator.Deploy.0 = Debug|Any CPU
		{6536C7EA-8B96-4F25-9B78-7B0A3BB67CCA}.Debug|x64.ActiveCfg = Debug|Any CPU
		{6536C7EA-8B96-4F25-9B78-7B0A3BB67CCA}.Debug|x64.Build.0 = Debug|Any CPU
		{6536C7EA-8B96-4F25-9B78-7B0A3BB67CCA}.Debug|x64.Deploy.0 = Debug|Any CPU
		{6536C7EA-8B96-4F25-9B78-7B0A3BB67CCA}.Debug|x86.ActiveCfg = Debug|x86
		{6536C7EA-8B96-4F25-9B78-7B0A3BB67CCA}.Debug|x86.Build.0 = Debug|x86
		{6536C7EA-8B96-4F25-9B78-7B0A3BB67CCA}.Debug|x86.Deploy.0 = Debug|x86
		{6536C7EA-8B96-4F25-9B78-7B0A3BB67CCA}.Release|Any CPU.ActiveCfg = Release|Any CPU
		{6536C7EA-8B96-4F25-9B78-7B0A3BB67CCA}.Release|Any CPU.Build.0 = Release|Any CPU
		{6536C7EA-8B96-4F25-9B78-7B0A3BB67CCA}.Release|Any CPU.Deploy.0 = Release|Any CPU
		{6536C7EA-8B96-4F25-9B78-7B0A3BB67CCA}.Release|ARM.ActiveCfg = Release|ARM
		{6536C7EA-8B96-4F25-9B78-7B0A3BB67CCA}.Release|ARM.Build.0 = Release|ARM
		{6536C7EA-8B96-4F25-9B78-7B0A3BB67CCA}.Release|ARM.Deploy.0 = Release|ARM
		{6536C7EA-8B96-4F25-9B78-7B0A3BB67CCA}.Release|iPhone.ActiveCfg = Release|Any CPU
		{6536C7EA-8B96-4F25-9B78-7B0A3BB67CCA}.Release|iPhone.Build.0 = Release|Any CPU
		{6536C7EA-8B96-4F25-9B78-7B0A3BB67CCA}.Release|iPhone.Deploy.0 = Release|Any CPU
		{6536C7EA-8B96-4F25-9B78-7B0A3BB67CCA}.Release|iPhoneSimulator.ActiveCfg = Release|Any CPU
		{6536C7EA-8B96-4F25-9B78-7B0A3BB67CCA}.Release|iPhoneSimulator.Build.0 = Release|Any CPU
		{6536C7EA-8B96-4F25-9B78-7B0A3BB67CCA}.Release|iPhoneSimulator.Deploy.0 = Release|Any CPU
		{6536C7EA-8B96-4F25-9B78-7B0A3BB67CCA}.Release|x64.ActiveCfg = Release|Any CPU
		{6536C7EA-8B96-4F25-9B78-7B0A3BB67CCA}.Release|x64.Build.0 = Release|Any CPU
		{6536C7EA-8B96-4F25-9B78-7B0A3BB67CCA}.Release|x64.Deploy.0 = Release|Any CPU
		{6536C7EA-8B96-4F25-9B78-7B0A3BB67CCA}.Release|x86.ActiveCfg = Release|x86
		{6536C7EA-8B96-4F25-9B78-7B0A3BB67CCA}.Release|x86.Build.0 = Release|x86
		{6536C7EA-8B96-4F25-9B78-7B0A3BB67CCA}.Release|x86.Deploy.0 = Release|x86
		{90582CEE-82C3-47B6-B99F-9E6E60FB37EA}.Ad-Hoc|Any CPU.ActiveCfg = Release|x86
		{90582CEE-82C3-47B6-B99F-9E6E60FB37EA}.Ad-Hoc|Any CPU.Build.0 = Release|x86
		{90582CEE-82C3-47B6-B99F-9E6E60FB37EA}.Ad-Hoc|Any CPU.Deploy.0 = Release|x86
		{90582CEE-82C3-47B6-B99F-9E6E60FB37EA}.Ad-Hoc|ARM.ActiveCfg = Release|ARM
		{90582CEE-82C3-47B6-B99F-9E6E60FB37EA}.Ad-Hoc|ARM.Build.0 = Release|ARM
		{90582CEE-82C3-47B6-B99F-9E6E60FB37EA}.Ad-Hoc|ARM.Deploy.0 = Release|ARM
		{90582CEE-82C3-47B6-B99F-9E6E60FB37EA}.Ad-Hoc|iPhone.ActiveCfg = Release|x86
		{90582CEE-82C3-47B6-B99F-9E6E60FB37EA}.Ad-Hoc|iPhone.Build.0 = Release|x86
		{90582CEE-82C3-47B6-B99F-9E6E60FB37EA}.Ad-Hoc|iPhone.Deploy.0 = Release|x86
		{90582CEE-82C3-47B6-B99F-9E6E60FB37EA}.Ad-Hoc|iPhoneSimulator.ActiveCfg = Release|x86
		{90582CEE-82C3-47B6-B99F-9E6E60FB37EA}.Ad-Hoc|iPhoneSimulator.Build.0 = Release|x86
		{90582CEE-82C3-47B6-B99F-9E6E60FB37EA}.Ad-Hoc|iPhoneSimulator.Deploy.0 = Release|x86
		{90582CEE-82C3-47B6-B99F-9E6E60FB37EA}.Ad-Hoc|x64.ActiveCfg = Release|x64
		{90582CEE-82C3-47B6-B99F-9E6E60FB37EA}.Ad-Hoc|x64.Build.0 = Release|x64
		{90582CEE-82C3-47B6-B99F-9E6E60FB37EA}.Ad-Hoc|x64.Deploy.0 = Release|x64
		{90582CEE-82C3-47B6-B99F-9E6E60FB37EA}.Ad-Hoc|x86.ActiveCfg = Release|x86
		{90582CEE-82C3-47B6-B99F-9E6E60FB37EA}.Ad-Hoc|x86.Build.0 = Release|x86
		{90582CEE-82C3-47B6-B99F-9E6E60FB37EA}.Ad-Hoc|x86.Deploy.0 = Release|x86
		{90582CEE-82C3-47B6-B99F-9E6E60FB37EA}.AppStore|Any CPU.ActiveCfg = Release|x86
		{90582CEE-82C3-47B6-B99F-9E6E60FB37EA}.AppStore|Any CPU.Build.0 = Release|x86
		{90582CEE-82C3-47B6-B99F-9E6E60FB37EA}.AppStore|Any CPU.Deploy.0 = Release|x86
		{90582CEE-82C3-47B6-B99F-9E6E60FB37EA}.AppStore|ARM.ActiveCfg = Release|ARM
		{90582CEE-82C3-47B6-B99F-9E6E60FB37EA}.AppStore|ARM.Build.0 = Release|ARM
		{90582CEE-82C3-47B6-B99F-9E6E60FB37EA}.AppStore|ARM.Deploy.0 = Release|ARM
		{90582CEE-82C3-47B6-B99F-9E6E60FB37EA}.AppStore|iPhone.ActiveCfg = Release|x86
		{90582CEE-82C3-47B6-B99F-9E6E60FB37EA}.AppStore|iPhone.Build.0 = Release|x86
		{90582CEE-82C3-47B6-B99F-9E6E60FB37EA}.AppStore|iPhone.Deploy.0 = Release|x86
		{90582CEE-82C3-47B6-B99F-9E6E60FB37EA}.AppStore|iPhoneSimulator.ActiveCfg = Release|x86
		{90582CEE-82C3-47B6-B99F-9E6E60FB37EA}.AppStore|iPhoneSimulator.Build.0 = Release|x86
		{90582CEE-82C3-47B6-B99F-9E6E60FB37EA}.AppStore|iPhoneSimulator.Deploy.0 = Release|x86
		{90582CEE-82C3-47B6-B99F-9E6E60FB37EA}.AppStore|x64.ActiveCfg = Release|x64
		{90582CEE-82C3-47B6-B99F-9E6E60FB37EA}.AppStore|x64.Build.0 = Release|x64
		{90582CEE-82C3-47B6-B99F-9E6E60FB37EA}.AppStore|x64.Deploy.0 = Release|x64
		{90582CEE-82C3-47B6-B99F-9E6E60FB37EA}.AppStore|x86.ActiveCfg = Release|x86
		{90582CEE-82C3-47B6-B99F-9E6E60FB37EA}.AppStore|x86.Build.0 = Release|x86
		{90582CEE-82C3-47B6-B99F-9E6E60FB37EA}.AppStore|x86.Deploy.0 = Release|x86
		{90582CEE-82C3-47B6-B99F-9E6E60FB37EA}.Debug|Any CPU.ActiveCfg = Debug|x86
		{90582CEE-82C3-47B6-B99F-9E6E60FB37EA}.Debug|ARM.ActiveCfg = Debug|ARM
		{90582CEE-82C3-47B6-B99F-9E6E60FB37EA}.Debug|ARM.Build.0 = Debug|ARM
		{90582CEE-82C3-47B6-B99F-9E6E60FB37EA}.Debug|ARM.Deploy.0 = Debug|ARM
		{90582CEE-82C3-47B6-B99F-9E6E60FB37EA}.Debug|iPhone.ActiveCfg = Debug|x86
		{90582CEE-82C3-47B6-B99F-9E6E60FB37EA}.Debug|iPhoneSimulator.ActiveCfg = Debug|x86
		{90582CEE-82C3-47B6-B99F-9E6E60FB37EA}.Debug|x64.ActiveCfg = Debug|x64
		{90582CEE-82C3-47B6-B99F-9E6E60FB37EA}.Debug|x64.Build.0 = Debug|x64
		{90582CEE-82C3-47B6-B99F-9E6E60FB37EA}.Debug|x64.Deploy.0 = Debug|x64
		{90582CEE-82C3-47B6-B99F-9E6E60FB37EA}.Debug|x86.ActiveCfg = Debug|x86
		{90582CEE-82C3-47B6-B99F-9E6E60FB37EA}.Debug|x86.Build.0 = Debug|x86
		{90582CEE-82C3-47B6-B99F-9E6E60FB37EA}.Debug|x86.Deploy.0 = Debug|x86
		{90582CEE-82C3-47B6-B99F-9E6E60FB37EA}.Release|Any CPU.ActiveCfg = Release|x86
		{90582CEE-82C3-47B6-B99F-9E6E60FB37EA}.Release|ARM.ActiveCfg = Release|ARM
		{90582CEE-82C3-47B6-B99F-9E6E60FB37EA}.Release|ARM.Build.0 = Release|ARM
		{90582CEE-82C3-47B6-B99F-9E6E60FB37EA}.Release|ARM.Deploy.0 = Release|ARM
		{90582CEE-82C3-47B6-B99F-9E6E60FB37EA}.Release|iPhone.ActiveCfg = Release|x86
		{90582CEE-82C3-47B6-B99F-9E6E60FB37EA}.Release|iPhoneSimulator.ActiveCfg = Release|x86
		{90582CEE-82C3-47B6-B99F-9E6E60FB37EA}.Release|x64.ActiveCfg = Release|x64
		{90582CEE-82C3-47B6-B99F-9E6E60FB37EA}.Release|x64.Build.0 = Release|x64
		{90582CEE-82C3-47B6-B99F-9E6E60FB37EA}.Release|x64.Deploy.0 = Release|x64
		{90582CEE-82C3-47B6-B99F-9E6E60FB37EA}.Release|x86.ActiveCfg = Release|x86
		{90582CEE-82C3-47B6-B99F-9E6E60FB37EA}.Release|x86.Build.0 = Release|x86
		{90582CEE-82C3-47B6-B99F-9E6E60FB37EA}.Release|x86.Deploy.0 = Release|x86
		{52B5D757-7C2F-4F8B-A150-11156005AE79}.Ad-Hoc|Any CPU.ActiveCfg = Release|Any CPU
		{52B5D757-7C2F-4F8B-A150-11156005AE79}.Ad-Hoc|Any CPU.Build.0 = Release|Any CPU
		{52B5D757-7C2F-4F8B-A150-11156005AE79}.Ad-Hoc|Any CPU.Deploy.0 = Release|Any CPU
		{52B5D757-7C2F-4F8B-A150-11156005AE79}.Ad-Hoc|ARM.ActiveCfg = Release|ARM
		{52B5D757-7C2F-4F8B-A150-11156005AE79}.Ad-Hoc|ARM.Build.0 = Release|ARM
		{52B5D757-7C2F-4F8B-A150-11156005AE79}.Ad-Hoc|ARM.Deploy.0 = Release|ARM
		{52B5D757-7C2F-4F8B-A150-11156005AE79}.Ad-Hoc|iPhone.ActiveCfg = Release|Any CPU
		{52B5D757-7C2F-4F8B-A150-11156005AE79}.Ad-Hoc|iPhone.Build.0 = Release|Any CPU
		{52B5D757-7C2F-4F8B-A150-11156005AE79}.Ad-Hoc|iPhone.Deploy.0 = Release|Any CPU
		{52B5D757-7C2F-4F8B-A150-11156005AE79}.Ad-Hoc|iPhoneSimulator.ActiveCfg = Release|Any CPU
		{52B5D757-7C2F-4F8B-A150-11156005AE79}.Ad-Hoc|iPhoneSimulator.Build.0 = Release|Any CPU
		{52B5D757-7C2F-4F8B-A150-11156005AE79}.Ad-Hoc|iPhoneSimulator.Deploy.0 = Release|Any CPU
		{52B5D757-7C2F-4F8B-A150-11156005AE79}.Ad-Hoc|x64.ActiveCfg = Release|x64
		{52B5D757-7C2F-4F8B-A150-11156005AE79}.Ad-Hoc|x64.Build.0 = Release|x64
		{52B5D757-7C2F-4F8B-A150-11156005AE79}.Ad-Hoc|x64.Deploy.0 = Release|x64
		{52B5D757-7C2F-4F8B-A150-11156005AE79}.Ad-Hoc|x86.ActiveCfg = Release|x86
		{52B5D757-7C2F-4F8B-A150-11156005AE79}.Ad-Hoc|x86.Build.0 = Release|x86
		{52B5D757-7C2F-4F8B-A150-11156005AE79}.Ad-Hoc|x86.Deploy.0 = Release|x86
		{52B5D757-7C2F-4F8B-A150-11156005AE79}.AppStore|Any CPU.ActiveCfg = Release|Any CPU
		{52B5D757-7C2F-4F8B-A150-11156005AE79}.AppStore|Any CPU.Build.0 = Release|Any CPU
		{52B5D757-7C2F-4F8B-A150-11156005AE79}.AppStore|Any CPU.Deploy.0 = Release|Any CPU
		{52B5D757-7C2F-4F8B-A150-11156005AE79}.AppStore|ARM.ActiveCfg = Release|ARM
		{52B5D757-7C2F-4F8B-A150-11156005AE79}.AppStore|ARM.Build.0 = Release|ARM
		{52B5D757-7C2F-4F8B-A150-11156005AE79}.AppStore|ARM.Deploy.0 = Release|ARM
		{52B5D757-7C2F-4F8B-A150-11156005AE79}.AppStore|iPhone.ActiveCfg = Release|Any CPU
		{52B5D757-7C2F-4F8B-A150-11156005AE79}.AppStore|iPhone.Build.0 = Release|Any CPU
		{52B5D757-7C2F-4F8B-A150-11156005AE79}.AppStore|iPhone.Deploy.0 = Release|Any CPU
		{52B5D757-7C2F-4F8B-A150-11156005AE79}.AppStore|iPhoneSimulator.ActiveCfg = Release|Any CPU
		{52B5D757-7C2F-4F8B-A150-11156005AE79}.AppStore|iPhoneSimulator.Build.0 = Release|Any CPU
		{52B5D757-7C2F-4F8B-A150-11156005AE79}.AppStore|iPhoneSimulator.Deploy.0 = Release|Any CPU
		{52B5D757-7C2F-4F8B-A150-11156005AE79}.AppStore|x64.ActiveCfg = Release|x64
		{52B5D757-7C2F-4F8B-A150-11156005AE79}.AppStore|x64.Build.0 = Release|x64
		{52B5D757-7C2F-4F8B-A150-11156005AE79}.AppStore|x64.Deploy.0 = Release|x64
		{52B5D757-7C2F-4F8B-A150-11156005AE79}.AppStore|x86.ActiveCfg = Release|x86
		{52B5D757-7C2F-4F8B-A150-11156005AE79}.AppStore|x86.Build.0 = Release|x86
		{52B5D757-7C2F-4F8B-A150-11156005AE79}.AppStore|x86.Deploy.0 = Release|x86
		{52B5D757-7C2F-4F8B-A150-11156005AE79}.Debug|Any CPU.ActiveCfg = Debug|Any CPU
		{52B5D757-7C2F-4F8B-A150-11156005AE79}.Debug|Any CPU.Build.0 = Debug|Any CPU
		{52B5D757-7C2F-4F8B-A150-11156005AE79}.Debug|Any CPU.Deploy.0 = Debug|Any CPU
		{52B5D757-7C2F-4F8B-A150-11156005AE79}.Debug|ARM.ActiveCfg = Debug|ARM
		{52B5D757-7C2F-4F8B-A150-11156005AE79}.Debug|ARM.Build.0 = Debug|ARM
		{52B5D757-7C2F-4F8B-A150-11156005AE79}.Debug|ARM.Deploy.0 = Debug|ARM
		{52B5D757-7C2F-4F8B-A150-11156005AE79}.Debug|iPhone.ActiveCfg = Debug|Any CPU
		{52B5D757-7C2F-4F8B-A150-11156005AE79}.Debug|iPhone.Build.0 = Debug|Any CPU
		{52B5D757-7C2F-4F8B-A150-11156005AE79}.Debug|iPhone.Deploy.0 = Debug|Any CPU
		{52B5D757-7C2F-4F8B-A150-11156005AE79}.Debug|iPhoneSimulator.ActiveCfg = Debug|Any CPU
		{52B5D757-7C2F-4F8B-A150-11156005AE79}.Debug|iPhoneSimulator.Build.0 = Debug|Any CPU
		{52B5D757-7C2F-4F8B-A150-11156005AE79}.Debug|iPhoneSimulator.Deploy.0 = Debug|Any CPU
		{52B5D757-7C2F-4F8B-A150-11156005AE79}.Debug|x64.ActiveCfg = Debug|x64
		{52B5D757-7C2F-4F8B-A150-11156005AE79}.Debug|x64.Build.0 = Debug|x64
		{52B5D757-7C2F-4F8B-A150-11156005AE79}.Debug|x64.Deploy.0 = Debug|x64
		{52B5D757-7C2F-4F8B-A150-11156005AE79}.Debug|x86.ActiveCfg = Debug|x86
		{52B5D757-7C2F-4F8B-A150-11156005AE79}.Debug|x86.Build.0 = Debug|x86
		{52B5D757-7C2F-4F8B-A150-11156005AE79}.Debug|x86.Deploy.0 = Debug|x86
		{52B5D757-7C2F-4F8B-A150-11156005AE79}.Release|Any CPU.ActiveCfg = Release|Any CPU
		{52B5D757-7C2F-4F8B-A150-11156005AE79}.Release|Any CPU.Build.0 = Release|Any CPU
		{52B5D757-7C2F-4F8B-A150-11156005AE79}.Release|Any CPU.Deploy.0 = Release|Any CPU
		{52B5D757-7C2F-4F8B-A150-11156005AE79}.Release|ARM.ActiveCfg = Release|ARM
		{52B5D757-7C2F-4F8B-A150-11156005AE79}.Release|ARM.Build.0 = Release|ARM
		{52B5D757-7C2F-4F8B-A150-11156005AE79}.Release|ARM.Deploy.0 = Release|ARM
		{52B5D757-7C2F-4F8B-A150-11156005AE79}.Release|iPhone.ActiveCfg = Release|Any CPU
		{52B5D757-7C2F-4F8B-A150-11156005AE79}.Release|iPhone.Build.0 = Release|Any CPU
		{52B5D757-7C2F-4F8B-A150-11156005AE79}.Release|iPhone.Deploy.0 = Release|Any CPU
		{52B5D757-7C2F-4F8B-A150-11156005AE79}.Release|iPhoneSimulator.ActiveCfg = Release|Any CPU
		{52B5D757-7C2F-4F8B-A150-11156005AE79}.Release|iPhoneSimulator.Build.0 = Release|Any CPU
		{52B5D757-7C2F-4F8B-A150-11156005AE79}.Release|iPhoneSimulator.Deploy.0 = Release|Any CPU
		{52B5D757-7C2F-4F8B-A150-11156005AE79}.Release|x64.ActiveCfg = Release|x64
		{52B5D757-7C2F-4F8B-A150-11156005AE79}.Release|x64.Build.0 = Release|x64
		{52B5D757-7C2F-4F8B-A150-11156005AE79}.Release|x64.Deploy.0 = Release|x64
		{52B5D757-7C2F-4F8B-A150-11156005AE79}.Release|x86.ActiveCfg = Release|x86
		{52B5D757-7C2F-4F8B-A150-11156005AE79}.Release|x86.Build.0 = Release|x86
		{52B5D757-7C2F-4F8B-A150-11156005AE79}.Release|x86.Deploy.0 = Release|x86
		{578E32D5-BD9C-4EC8-9223-37FF85734B58}.Ad-Hoc|Any CPU.ActiveCfg = Release|Any CPU
		{578E32D5-BD9C-4EC8-9223-37FF85734B58}.Ad-Hoc|Any CPU.Build.0 = Release|Any CPU
		{578E32D5-BD9C-4EC8-9223-37FF85734B58}.Ad-Hoc|ARM.ActiveCfg = Release|Any CPU
		{578E32D5-BD9C-4EC8-9223-37FF85734B58}.Ad-Hoc|ARM.Build.0 = Release|Any CPU
		{578E32D5-BD9C-4EC8-9223-37FF85734B58}.Ad-Hoc|iPhone.ActiveCfg = Release|Any CPU
		{578E32D5-BD9C-4EC8-9223-37FF85734B58}.Ad-Hoc|iPhone.Build.0 = Release|Any CPU
		{578E32D5-BD9C-4EC8-9223-37FF85734B58}.Ad-Hoc|iPhoneSimulator.ActiveCfg = Release|Any CPU
		{578E32D5-BD9C-4EC8-9223-37FF85734B58}.Ad-Hoc|iPhoneSimulator.Build.0 = Release|Any CPU
		{578E32D5-BD9C-4EC8-9223-37FF85734B58}.Ad-Hoc|x64.ActiveCfg = Release|Any CPU
		{578E32D5-BD9C-4EC8-9223-37FF85734B58}.Ad-Hoc|x64.Build.0 = Release|Any CPU
		{578E32D5-BD9C-4EC8-9223-37FF85734B58}.Ad-Hoc|x86.ActiveCfg = Release|Any CPU
		{578E32D5-BD9C-4EC8-9223-37FF85734B58}.Ad-Hoc|x86.Build.0 = Release|Any CPU
		{578E32D5-BD9C-4EC8-9223-37FF85734B58}.AppStore|Any CPU.ActiveCfg = Release|Any CPU
		{578E32D5-BD9C-4EC8-9223-37FF85734B58}.AppStore|Any CPU.Build.0 = Release|Any CPU
		{578E32D5-BD9C-4EC8-9223-37FF85734B58}.AppStore|ARM.ActiveCfg = Release|Any CPU
		{578E32D5-BD9C-4EC8-9223-37FF85734B58}.AppStore|ARM.Build.0 = Release|Any CPU
		{578E32D5-BD9C-4EC8-9223-37FF85734B58}.AppStore|iPhone.ActiveCfg = Release|Any CPU
		{578E32D5-BD9C-4EC8-9223-37FF85734B58}.AppStore|iPhone.Build.0 = Release|Any CPU
		{578E32D5-BD9C-4EC8-9223-37FF85734B58}.AppStore|iPhoneSimulator.ActiveCfg = Release|Any CPU
		{578E32D5-BD9C-4EC8-9223-37FF85734B58}.AppStore|iPhoneSimulator.Build.0 = Release|Any CPU
		{578E32D5-BD9C-4EC8-9223-37FF85734B58}.AppStore|x64.ActiveCfg = Release|Any CPU
		{578E32D5-BD9C-4EC8-9223-37FF85734B58}.AppStore|x64.Build.0 = Release|Any CPU
		{578E32D5-BD9C-4EC8-9223-37FF85734B58}.AppStore|x86.ActiveCfg = Release|Any CPU
		{578E32D5-BD9C-4EC8-9223-37FF85734B58}.AppStore|x86.Build.0 = Release|Any CPU
		{578E32D5-BD9C-4EC8-9223-37FF85734B58}.Debug|Any CPU.ActiveCfg = Debug|Any CPU
		{578E32D5-BD9C-4EC8-9223-37FF85734B58}.Debug|Any CPU.Build.0 = Debug|Any CPU
		{578E32D5-BD9C-4EC8-9223-37FF85734B58}.Debug|ARM.ActiveCfg = Debug|Any CPU
		{578E32D5-BD9C-4EC8-9223-37FF85734B58}.Debug|ARM.Build.0 = Debug|Any CPU
		{578E32D5-BD9C-4EC8-9223-37FF85734B58}.Debug|iPhone.ActiveCfg = Debug|Any CPU
		{578E32D5-BD9C-4EC8-9223-37FF85734B58}.Debug|iPhone.Build.0 = Debug|Any CPU
		{578E32D5-BD9C-4EC8-9223-37FF85734B58}.Debug|iPhoneSimulator.ActiveCfg = Debug|Any CPU
		{578E32D5-BD9C-4EC8-9223-37FF85734B58}.Debug|iPhoneSimulator.Build.0 = Debug|Any CPU
		{578E32D5-BD9C-4EC8-9223-37FF85734B58}.Debug|x64.ActiveCfg = Debug|Any CPU
		{578E32D5-BD9C-4EC8-9223-37FF85734B58}.Debug|x64.Build.0 = Debug|Any CPU
		{578E32D5-BD9C-4EC8-9223-37FF85734B58}.Debug|x86.ActiveCfg = Debug|Any CPU
		{578E32D5-BD9C-4EC8-9223-37FF85734B58}.Debug|x86.Build.0 = Debug|Any CPU
		{578E32D5-BD9C-4EC8-9223-37FF85734B58}.Release|Any CPU.ActiveCfg = Release|Any CPU
		{578E32D5-BD9C-4EC8-9223-37FF85734B58}.Release|Any CPU.Build.0 = Release|Any CPU
		{578E32D5-BD9C-4EC8-9223-37FF85734B58}.Release|ARM.ActiveCfg = Release|Any CPU
		{578E32D5-BD9C-4EC8-9223-37FF85734B58}.Release|ARM.Build.0 = Release|Any CPU
		{578E32D5-BD9C-4EC8-9223-37FF85734B58}.Release|iPhone.ActiveCfg = Release|Any CPU
		{578E32D5-BD9C-4EC8-9223-37FF85734B58}.Release|iPhone.Build.0 = Release|Any CPU
		{578E32D5-BD9C-4EC8-9223-37FF85734B58}.Release|iPhoneSimulator.ActiveCfg = Release|Any CPU
		{578E32D5-BD9C-4EC8-9223-37FF85734B58}.Release|iPhoneSimulator.Build.0 = Release|Any CPU
		{578E32D5-BD9C-4EC8-9223-37FF85734B58}.Release|x64.ActiveCfg = Release|Any CPU
		{578E32D5-BD9C-4EC8-9223-37FF85734B58}.Release|x64.Build.0 = Release|Any CPU
		{578E32D5-BD9C-4EC8-9223-37FF85734B58}.Release|x86.ActiveCfg = Release|Any CPU
		{578E32D5-BD9C-4EC8-9223-37FF85734B58}.Release|x86.Build.0 = Release|Any CPU
	EndGlobalSection
	GlobalSection(SolutionProperties) = preSolution
		HideSolutionNode = FALSE
	EndGlobalSection
EndGlobal
